
Microsoft Visual Studio Solution File, Format Version 12.00
# Visual Studio Version 17
VisualStudioVersion = 17.0.31903.59
MinimumVisualStudioVersion = 10.0.40219.1
Project("{FAE04EC0-301F-11D3-BF4B-00C04F79EFBC}") = "Overflow.AppHost", "Overflow.AppHost\Overflow.AppHost.csproj", "{DB8BA2A3-503A-40DC-A013-046F949D9278}"
EndProject
Project("{FAE04EC0-301F-11D3-BF4B-00C04F79EFBC}") = "Overflow.ServiceDefaults", "Overflow.ServiceDefaults\Overflow.ServiceDefaults.csproj", "{8D2F8860-2CDF-4647-BA71-BE7BDFD756F6}"
EndProject
Project("{2150E333-8FDC-42A3-9474-1A3956D46DE8}") = "Services", "Services", "{5854FF58-B8C5-05C6-5BF2-ACE42193F22B}"
EndProject
Project("{FAE04EC0-301F-11D3-BF4B-00C04F79EFBC}") = "QuestionService", "Services\QuestionService\QuestionService.csproj", "{DEB569CF-F3F4-4FB6-A696-6DFB28749DF2}"
EndProject
Project("{FAE04EC0-301F-11D3-BF4B-00C04F79EFBC}") = "SearchService", "Services\SearchService\SearchService.csproj", "{BD723F0F-64E5-4F5A-95C5-EDABA4628D02}"
EndProject
Project("{2150E333-8FDC-42A3-9474-1A3956D46DE8}") = "common", "common", "{881589EE-639B-0A35-DBCE-5D94E4FC90C0}"
EndProject
Project("{FAE04EC0-301F-11D3-BF4B-00C04F79EFBC}") = "Contracts", "common\Contracts\Contracts.csproj", "{D3756E3A-6FCB-4FE1-82F8-F67E6D0798F5}"
EndProject
Project("{FAE04EC0-301F-11D3-BF4B-00C04F79EFBC}") = "Common", "common\Common\Common.csproj", "{6D779348-E991-4E77-A7DB-19BA9546D52C}"
EndProject
Project("{FAE04EC0-301F-11D3-BF4B-00C04F79EFBC}") = "ProfileService", "Services\ProfileService\ProfileService.csproj", "{7FB75815-371B-4565-B036-DEBF47D1D776}"
EndProject
Global
	GlobalSection(SolutionConfigurationPlatforms) = preSolution
		Debug|Any CPU = Debug|Any CPU
		Debug|x64 = Debug|x64
		Debug|x86 = Debug|x86
		Release|Any CPU = Release|Any CPU
		Release|x64 = Release|x64
		Release|x86 = Release|x86
	EndGlobalSection
	GlobalSection(ProjectConfigurationPlatforms) = postSolution
		{DB8BA2A3-503A-40DC-A013-046F949D9278}.Debug|Any CPU.ActiveCfg = Debug|Any CPU
		{DB8BA2A3-503A-40DC-A013-046F949D9278}.Debug|Any CPU.Build.0 = Debug|Any CPU
		{DB8BA2A3-503A-40DC-A013-046F949D9278}.Debug|x64.ActiveCfg = Debug|Any CPU
		{DB8BA2A3-503A-40DC-A013-046F949D9278}.Debug|x64.Build.0 = Debug|Any CPU
		{DB8BA2A3-503A-40DC-A013-046F949D9278}.Debug|x86.ActiveCfg = Debug|Any CPU
		{DB8BA2A3-503A-40DC-A013-046F949D9278}.Debug|x86.Build.0 = Debug|Any CPU
		{DB8BA2A3-503A-40DC-A013-046F949D9278}.Release|Any CPU.ActiveCfg = Release|Any CPU
		{DB8BA2A3-503A-40DC-A013-046F949D9278}.Release|Any CPU.Build.0 = Release|Any CPU
		{DB8BA2A3-503A-40DC-A013-046F949D9278}.Release|x64.ActiveCfg = Release|Any CPU
		{DB8BA2A3-503A-40DC-A013-046F949D9278}.Release|x64.Build.0 = Release|Any CPU
		{DB8BA2A3-503A-40DC-A013-046F949D9278}.Release|x86.ActiveCfg = Release|Any CPU
		{DB8BA2A3-503A-40DC-A013-046F949D9278}.Release|x86.Build.0 = Release|Any CPU
		{8D2F8860-2CDF-4647-BA71-BE7BDFD756F6}.Debug|Any CPU.ActiveCfg = Debug|Any CPU
		{8D2F8860-2CDF-4647-BA71-BE7BDFD756F6}.Debug|Any CPU.Build.0 = Debug|Any CPU
		{8D2F8860-2CDF-4647-BA71-BE7BDFD756F6}.Debug|x64.ActiveCfg = Debug|Any CPU
		{8D2F8860-2CDF-4647-BA71-BE7BDFD756F6}.Debug|x64.Build.0 = Debug|Any CPU
		{8D2F8860-2CDF-4647-BA71-BE7BDFD756F6}.Debug|x86.ActiveCfg = Debug|Any CPU
		{8D2F8860-2CDF-4647-BA71-BE7BDFD756F6}.Debug|x86.Build.0 = Debug|Any CPU
		{8D2F8860-2CDF-4647-BA71-BE7BDFD756F6}.Release|Any CPU.ActiveCfg = Release|Any CPU
		{8D2F8860-2CDF-4647-BA71-BE7BDFD756F6}.Release|Any CPU.Build.0 = Release|Any CPU
		{8D2F8860-2CDF-4647-BA71-BE7BDFD756F6}.Release|x64.ActiveCfg = Release|Any CPU
		{8D2F8860-2CDF-4647-BA71-BE7BDFD756F6}.Release|x64.Build.0 = Release|Any CPU
		{8D2F8860-2CDF-4647-BA71-BE7BDFD756F6}.Release|x86.ActiveCfg = Release|Any CPU
		{8D2F8860-2CDF-4647-BA71-BE7BDFD756F6}.Release|x86.Build.0 = Release|Any CPU
		{DEB569CF-F3F4-4FB6-A696-6DFB28749DF2}.Debug|Any CPU.ActiveCfg = Debug|Any CPU
		{DEB569CF-F3F4-4FB6-A696-6DFB28749DF2}.Debug|Any CPU.Build.0 = Debug|Any CPU
		{DEB569CF-F3F4-4FB6-A696-6DFB28749DF2}.Debug|x64.ActiveCfg = Debug|Any CPU
		{DEB569CF-F3F4-4FB6-A696-6DFB28749DF2}.Debug|x64.Build.0 = Debug|Any CPU
		{DEB569CF-F3F4-4FB6-A696-6DFB28749DF2}.Debug|x86.ActiveCfg = Debug|Any CPU
		{DEB569CF-F3F4-4FB6-A696-6DFB28749DF2}.Debug|x86.Build.0 = Debug|Any CPU
		{DEB569CF-F3F4-4FB6-A696-6DFB28749DF2}.Release|Any CPU.ActiveCfg = Release|Any CPU
		{DEB569CF-F3F4-4FB6-A696-6DFB28749DF2}.Release|Any CPU.Build.0 = Release|Any CPU
		{DEB569CF-F3F4-4FB6-A696-6DFB28749DF2}.Release|x64.ActiveCfg = Release|Any CPU
		{DEB569CF-F3F4-4FB6-A696-6DFB28749DF2}.Release|x64.Build.0 = Release|Any CPU
		{DEB569CF-F3F4-4FB6-A696-6DFB28749DF2}.Release|x86.ActiveCfg = Release|Any CPU
		{DEB569CF-F3F4-4FB6-A696-6DFB28749DF2}.Release|x86.Build.0 = Release|Any CPU
		{BD723F0F-64E5-4F5A-95C5-EDABA4628D02}.Debug|Any CPU.ActiveCfg = Debug|Any CPU
		{BD723F0F-64E5-4F5A-95C5-EDABA4628D02}.Debug|Any CPU.Build.0 = Debug|Any CPU
		{BD723F0F-64E5-4F5A-95C5-EDABA4628D02}.Debug|x64.ActiveCfg = Debug|Any CPU
		{BD723F0F-64E5-4F5A-95C5-EDABA4628D02}.Debug|x64.Build.0 = Debug|Any CPU
		{BD723F0F-64E5-4F5A-95C5-EDABA4628D02}.Debug|x86.ActiveCfg = Debug|Any CPU
		{BD723F0F-64E5-4F5A-95C5-EDABA4628D02}.Debug|x86.Build.0 = Debug|Any CPU
		{BD723F0F-64E5-4F5A-95C5-EDABA4628D02}.Release|Any CPU.ActiveCfg = Release|Any CPU
		{BD723F0F-64E5-4F5A-95C5-EDABA4628D02}.Release|Any CPU.Build.0 = Release|Any CPU
		{BD723F0F-64E5-4F5A-95C5-EDABA4628D02}.Release|x64.ActiveCfg = Release|Any CPU
		{BD723F0F-64E5-4F5A-95C5-EDABA4628D02}.Release|x64.Build.0 = Release|Any CPU
		{BD723F0F-64E5-4F5A-95C5-EDABA4628D02}.Release|x86.ActiveCfg = Release|Any CPU
		{BD723F0F-64E5-4F5A-95C5-EDABA4628D02}.Release|x86.Build.0 = Release|Any CPU
		{D3756E3A-6FCB-4FE1-82F8-F67E6D0798F5}.Debug|Any CPU.ActiveCfg = Debug|Any CPU
		{D3756E3A-6FCB-4FE1-82F8-F67E6D0798F5}.Debug|Any CPU.Build.0 = Debug|Any CPU
		{D3756E3A-6FCB-4FE1-82F8-F67E6D0798F5}.Debug|x64.ActiveCfg = Debug|Any CPU
		{D3756E3A-6FCB-4FE1-82F8-F67E6D0798F5}.Debug|x64.Build.0 = Debug|Any CPU
		{D3756E3A-6FCB-4FE1-82F8-F67E6D0798F5}.Debug|x86.ActiveCfg = Debug|Any CPU
		{D3756E3A-6FCB-4FE1-82F8-F67E6D0798F5}.Debug|x86.Build.0 = Debug|Any CPU
		{D3756E3A-6FCB-4FE1-82F8-F67E6D0798F5}.Release|Any CPU.ActiveCfg = Release|Any CPU
		{D3756E3A-6FCB-4FE1-82F8-F67E6D0798F5}.Release|Any CPU.Build.0 = Release|Any CPU
		{D3756E3A-6FCB-4FE1-82F8-F67E6D0798F5}.Release|x64.ActiveCfg = Release|Any CPU
		{D3756E3A-6FCB-4FE1-82F8-F67E6D0798F5}.Release|x64.Build.0 = Release|Any CPU
		{D3756E3A-6FCB-4FE1-82F8-F67E6D0798F5}.Release|x86.ActiveCfg = Release|Any CPU
		{D3756E3A-6FCB-4FE1-82F8-F67E6D0798F5}.Release|x86.Build.0 = Release|Any CPU
		{6D779348-E991-4E77-A7DB-19BA9546D52C}.Debug|Any CPU.ActiveCfg = Debug|Any CPU
		{6D779348-E991-4E77-A7DB-19BA9546D52C}.Debug|Any CPU.Build.0 = Debug|Any CPU
		{6D779348-E991-4E77-A7DB-19BA9546D52C}.Debug|x64.ActiveCfg = Debug|Any CPU
		{6D779348-E991-4E77-A7DB-19BA9546D52C}.Debug|x64.Build.0 = Debug|Any CPU
		{6D779348-E991-4E77-A7DB-19BA9546D52C}.Debug|x86.ActiveCfg = Debug|Any CPU
		{6D779348-E991-4E77-A7DB-19BA9546D52C}.Debug|x86.Build.0 = Debug|Any CPU
		{6D779348-E991-4E77-A7DB-19BA9546D52C}.Release|Any CPU.ActiveCfg = Release|Any CPU
		{6D779348-E991-4E77-A7DB-19BA9546D52C}.Release|Any CPU.Build.0 = Release|Any CPU
		{6D779348-E991-4E77-A7DB-19BA9546D52C}.Release|x64.ActiveCfg = Release|Any CPU
		{6D779348-E991-4E77-A7DB-19BA9546D52C}.Release|x64.Build.0 = Release|Any CPU
		{6D779348-E991-4E77-A7DB-19BA9546D52C}.Release|x86.ActiveCfg = Release|Any CPU
		{6D779348-E991-4E77-A7DB-19BA9546D52C}.Release|x86.Build.0 = Release|Any CPU
		{7FB75815-371B-4565-B036-DEBF47D1D776}.Debug|Any CPU.ActiveCfg = Debug|Any CPU
		{7FB75815-371B-4565-B036-DEBF47D1D776}.Debug|Any CPU.Build.0 = Debug|Any CPU
		{7FB75815-371B-4565-B036-DEBF47D1D776}.Debug|x64.ActiveCfg = Debug|Any CPU
		{7FB75815-371B-4565-B036-DEBF47D1D776}.Debug|x64.Build.0 = Debug|Any CPU
		{7FB75815-371B-4565-B036-DEBF47D1D776}.Debug|x86.ActiveCfg = Debug|Any CPU
		{7FB75815-371B-4565-B036-DEBF47D1D776}.Debug|x86.Build.0 = Debug|Any CPU
		{7FB75815-371B-4565-B036-DEBF47D1D776}.Release|Any CPU.ActiveCfg = Release|Any CPU
		{7FB75815-371B-4565-B036-DEBF47D1D776}.Release|Any CPU.Build.0 = Release|Any CPU
		{7FB75815-371B-4565-B036-DEBF47D1D776}.Release|x64.ActiveCfg = Release|Any CPU
		{7FB75815-371B-4565-B036-DEBF47D1D776}.Release|x64.Build.0 = Release|Any CPU
		{7FB75815-371B-4565-B036-DEBF47D1D776}.Release|x86.ActiveCfg = Release|Any CPU
		{7FB75815-371B-4565-B036-DEBF47D1D776}.Release|x86.Build.0 = Release|Any CPU
	EndGlobalSection
	GlobalSection(SolutionProperties) = preSolution
		HideSolutionNode = FALSE
	EndGlobalSection
	GlobalSection(NestedProjects) = preSolution
		{DEB569CF-F3F4-4FB6-A696-6DFB28749DF2} = {5854FF58-B8C5-05C6-5BF2-ACE42193F22B}
		{BD723F0F-64E5-4F5A-95C5-EDABA4628D02} = {5854FF58-B8C5-05C6-5BF2-ACE42193F22B}
		{D3756E3A-6FCB-4FE1-82F8-F67E6D0798F5} = {881589EE-639B-0A35-DBCE-5D94E4FC90C0}
		{6D779348-E991-4E77-A7DB-19BA9546D52C} = {881589EE-639B-0A35-DBCE-5D94E4FC90C0}
		{7FB75815-371B-4565-B036-DEBF47D1D776} = {5854FF58-B8C5-05C6-5BF2-ACE42193F22B}
	EndGlobalSection
EndGlobal
